
Microsoft Visual Studio Solution File, Format Version 12.00
# Visual Studio Version 17
VisualStudioVersion = 17.0.31903.59
MinimumVisualStudioVersion = 10.0.40219.1
Project("{FAE04EC0-301F-11D3-BF4B-00C04F79EFBC}") = "RSPS_Color_Bot", "RSPS_Color_Bot\RSPS_Color_Bot.csproj", "{7CDA9D52-F5E0-4B2F-9FA2-50B2D0AD6BBB}"
EndProject
Global
	GlobalSection(SolutionConfigurationPlatforms) = preSolution
		Debug|Any CPU = Debug|Any CPU
		Release|Any CPU = Release|Any CPU
	EndGlobalSection
	GlobalSection(ProjectConfigurationPlatforms) = postSolution
		{7CDA9D52-F5E0-4B2F-9FA2-50B2D0AD6BBB}.Debug|Any CPU.ActiveCfg = Debug|Any CPU
		{7CDA9D52-F5E0-4B2F-9FA2-50B2D0AD6BBB}.Debug|Any CPU.Build.0 = Debug|Any CPU
		{7CDA9D52-F5E0-4B2F-9FA2-50B2D0AD6BBB}.Release|Any CPU.ActiveCfg = Release|Any CPU
		{7CDA9D52-F5E0-4B2F-9FA2-50B2D0AD6BBB}.Release|Any CPU.Build.0 = Release|Any CPU
	EndGlobalSection
	GlobalSection(SolutionProperties) = preSolution
		HideSolutionNode = FALSE
	EndGlobalSection
	GlobalSection(ExtensibilityGlobals) = postSolution
		SolutionGuid = {26B1A401-2110-4EB6-BA3A-3E6FAF8C51FC}
	EndGlobalSection
EndGlobal
